
Microsoft Visual Studio Solution File, Format Version 12.00
# Visual Studio 15
VisualStudioVersion = 15.0.28307.271
MinimumVisualStudioVersion = 10.0.40219.1
Project("{FAE04EC0-301F-11D3-BF4B-00C04F79EFBC}") = "MinViableProduct", "MinViableProduct\MinViableProduct.csproj", "{B76E3F9E-8F81-42D4-AF3F-47C8D3FACFEF}"
EndProject
Project("{9A19103F-16F7-4668-BE54-9A1E7A4F7556}") = "Domain.Core", "Domain.Core\Domain.Core.csproj", "{12B23208-F30A-4468-A792-7896796C7E53}"
EndProject
Global
	GlobalSection(SolutionConfigurationPlatforms) = preSolution
		Debug|Any CPU = Debug|Any CPU
		Release|Any CPU = Release|Any CPU
	EndGlobalSection
	GlobalSection(ProjectConfigurationPlatforms) = postSolution
		{B76E3F9E-8F81-42D4-AF3F-47C8D3FACFEF}.Debug|Any CPU.ActiveCfg = Debug|Any CPU
		{B76E3F9E-8F81-42D4-AF3F-47C8D3FACFEF}.Debug|Any CPU.Build.0 = Debug|Any CPU
		{B76E3F9E-8F81-42D4-AF3F-47C8D3FACFEF}.Release|Any CPU.ActiveCfg = Release|Any CPU
		{B76E3F9E-8F81-42D4-AF3F-47C8D3FACFEF}.Release|Any CPU.Build.0 = Release|Any CPU
		{12B23208-F30A-4468-A792-7896796C7E53}.Debug|Any CPU.ActiveCfg = Debug|Any CPU
		{12B23208-F30A-4468-A792-7896796C7E53}.Debug|Any CPU.Build.0 = Debug|Any CPU
		{12B23208-F30A-4468-A792-7896796C7E53}.Release|Any CPU.ActiveCfg = Release|Any CPU
		{12B23208-F30A-4468-A792-7896796C7E53}.Release|Any CPU.Build.0 = Release|Any CPU
	EndGlobalSection
	GlobalSection(SolutionProperties) = preSolution
		HideSolutionNode = FALSE
	EndGlobalSection
	GlobalSection(ExtensibilityGlobals) = postSolution
		SolutionGuid = {C5A15DD0-ED14-4911-A13B-078FCF074A16}
	EndGlobalSection
EndGlobal
